// !$*UTF8*$!
{
	archiveVersion = 1;
	classes = {
	};
	objectVersion = 50;
	objects = {

/* Begin PBXBuildFile section */
		1D2DB8EE2182160E0097921A /* Cena1ViewController.swift in Sources */ = {isa = PBXBuildFile; fileRef = 1D2DB8ED2182160E0097921A /* Cena1ViewController.swift */; };
		1D2DB8F0218216BF0097921A /* Cena2ViewController.swift in Sources */ = {isa = PBXBuildFile; fileRef = 1D2DB8EF218216BF0097921A /* Cena2ViewController.swift */; };
		1D2DB8F2218216FC0097921A /* Cena3ViewController.swift in Sources */ = {isa = PBXBuildFile; fileRef = 1D2DB8F1218216FC0097921A /* Cena3ViewController.swift */; };
		1D2DB8F4218217310097921A /* Cena4ViewController.swift in Sources */ = {isa = PBXBuildFile; fileRef = 1D2DB8F3218217310097921A /* Cena4ViewController.swift */; };
		1D2DB8F6218217670097921A /* Cena5ViewController.swift in Sources */ = {isa = PBXBuildFile; fileRef = 1D2DB8F5218217670097921A /* Cena5ViewController.swift */; };
		1D2DB8F82182179E0097921A /* Cena6ViewController.swift in Sources */ = {isa = PBXBuildFile; fileRef = 1D2DB8F72182179E0097921A /* Cena6ViewController.swift */; };
		1D2DB8FA218217DC0097921A /* Cena7ViewController.swift in Sources */ = {isa = PBXBuildFile; fileRef = 1D2DB8F9218217DC0097921A /* Cena7ViewController.swift */; };
		1D2DB8FC218218C60097921A /* Cena8ViewController.swift in Sources */ = {isa = PBXBuildFile; fileRef = 1D2DB8FB218218C60097921A /* Cena8ViewController.swift */; };
		1D2DB8FE218219410097921A /* Cena9ViewController.swift in Sources */ = {isa = PBXBuildFile; fileRef = 1D2DB8FD218219410097921A /* Cena9ViewController.swift */; };
		1D2DB900218219720097921A /* Cena10ViewController.swift in Sources */ = {isa = PBXBuildFile; fileRef = 1D2DB8FF218219720097921A /* Cena10ViewController.swift */; };
		1D2DB902218219A30097921A /* Cena11ViewController.swift in Sources */ = {isa = PBXBuildFile; fileRef = 1D2DB901218219A30097921A /* Cena11ViewController.swift */; };
		1D2DB904218219D60097921A /* Cena12ViewController.swift in Sources */ = {isa = PBXBuildFile; fileRef = 1D2DB903218219D60097921A /* Cena12ViewController.swift */; };
		1D2DB90621821A0B0097921A /* Cena13ViewController.swift in Sources */ = {isa = PBXBuildFile; fileRef = 1D2DB90521821A0B0097921A /* Cena13ViewController.swift */; };
		1D2DB90821821A430097921A /* Cena14ViewController.swift in Sources */ = {isa = PBXBuildFile; fileRef = 1D2DB90721821A430097921A /* Cena14ViewController.swift */; };
		1D2DB90A21821A740097921A /* Cena15ViewController.swift in Sources */ = {isa = PBXBuildFile; fileRef = 1D2DB90921821A740097921A /* Cena15ViewController.swift */; };
		1D2DB90C21821C380097921A /* Cena16ViewController.swift in Sources */ = {isa = PBXBuildFile; fileRef = 1D2DB90B21821C380097921A /* Cena16ViewController.swift */; };
		1D2DB90E21821C880097921A /* Cena17ViewController.swift in Sources */ = {isa = PBXBuildFile; fileRef = 1D2DB90D21821C880097921A /* Cena17ViewController.swift */; };
		1D2DB91021821D150097921A /* Cena18ViewController.swift in Sources */ = {isa = PBXBuildFile; fileRef = 1D2DB90F21821D150097921A /* Cena18ViewController.swift */; };
		1D2DB91221821D420097921A /* Cena19ViewController.swift in Sources */ = {isa = PBXBuildFile; fileRef = 1D2DB91121821D420097921A /* Cena19ViewController.swift */; };
		1D2DB91421821DB80097921A /* Cena20ViewController.swift in Sources */ = {isa = PBXBuildFile; fileRef = 1D2DB91321821DB80097921A /* Cena20ViewController.swift */; };
		1D2F692C2190358000C70D6B /* ms3.wav in Resources */ = {isa = PBXBuildFile; fileRef = 1D2F69282190357F00C70D6B /* ms3.wav */; };
		1D2F692D2190358000C70D6B /* ms2.wav in Resources */ = {isa = PBXBuildFile; fileRef = 1D2F69292190358000C70D6B /* ms2.wav */; };
		1D2F692E2190358000C70D6B /* ms4.wav in Resources */ = {isa = PBXBuildFile; fileRef = 1D2F692A2190358000C70D6B /* ms4.wav */; };
		1D2F692F2190358000C70D6B /* ms1.wav in Resources */ = {isa = PBXBuildFile; fileRef = 1D2F692B2190358000C70D6B /* ms1.wav */; };
		1D352803218698060015B4A4 /* UIImageViewExtensao.swift in Sources */ = {isa = PBXBuildFile; fileRef = 1D352802218698060015B4A4 /* UIImageViewExtensao.swift */; };
		1D68E7DF218FC80E00FDA350 /* Cena_5.gif in Resources */ = {isa = PBXBuildFile; fileRef = 1D68E7C7218FC80C00FDA350 /* Cena_5.gif */; };
		1D68E7E0218FC80E00FDA350 /* Cena_6.gif in Resources */ = {isa = PBXBuildFile; fileRef = 1D68E7C8218FC80D00FDA350 /* Cena_6.gif */; };
		1D68E7E1218FC80E00FDA350 /* Cena_9.gif in Resources */ = {isa = PBXBuildFile; fileRef = 1D68E7C9218FC80D00FDA350 /* Cena_9.gif */; };
		1D68E7E2218FC80E00FDA350 /* Cena_17.gif in Resources */ = {isa = PBXBuildFile; fileRef = 1D68E7CA218FC80D00FDA350 /* Cena_17.gif */; };
		1D68E7E3218FC80E00FDA350 /* Cena_19.gif in Resources */ = {isa = PBXBuildFile; fileRef = 1D68E7CB218FC80D00FDA350 /* Cena_19.gif */; };
		1D68E7E4218FC80E00FDA350 /* Cena_20.gif in Resources */ = {isa = PBXBuildFile; fileRef = 1D68E7CC218FC80D00FDA350 /* Cena_20.gif */; };
		1D68E7E5218FC80E00FDA350 /* Cena_4.gif in Resources */ = {isa = PBXBuildFile; fileRef = 1D68E7CD218FC80D00FDA350 /* Cena_4.gif */; };
		1D68E7E6218FC80E00FDA350 /* Cena_22.gif in Resources */ = {isa = PBXBuildFile; fileRef = 1D68E7CE218FC80D00FDA350 /* Cena_22.gif */; };
		1D68E7E7218FC80E00FDA350 /* Cena_12.gif in Resources */ = {isa = PBXBuildFile; fileRef = 1D68E7CF218FC80D00FDA350 /* Cena_12.gif */; };
		1D68E7E8218FC80E00FDA350 /* Cena_7.gif in Resources */ = {isa = PBXBuildFile; fileRef = 1D68E7D0218FC80D00FDA350 /* Cena_7.gif */; };
		1D68E7E9218FC80E00FDA350 /* Cena_15.gif in Resources */ = {isa = PBXBuildFile; fileRef = 1D68E7D1218FC80D00FDA350 /* Cena_15.gif */; };
		1D68E7EA218FC80E00FDA350 /* Cena_14.gif in Resources */ = {isa = PBXBuildFile; fileRef = 1D68E7D2218FC80D00FDA350 /* Cena_14.gif */; };
		1D68E7EB218FC80E00FDA350 /* Cena_18.gif in Resources */ = {isa = PBXBuildFile; fileRef = 1D68E7D3218FC80D00FDA350 /* Cena_18.gif */; };
		1D68E7ED218FC80E00FDA350 /* Cena_1.gif in Resources */ = {isa = PBXBuildFile; fileRef = 1D68E7D5218FC80E00FDA350 /* Cena_1.gif */; };
		1D68E7EE218FC80E00FDA350 /* Cena_10.gif in Resources */ = {isa = PBXBuildFile; fileRef = 1D68E7D6218FC80E00FDA350 /* Cena_10.gif */; };
		1D68E7EF218FC80E00FDA350 /* Cena_21.gif in Resources */ = {isa = PBXBuildFile; fileRef = 1D68E7D7218FC80E00FDA350 /* Cena_21.gif */; };
		1D68E7F0218FC80E00FDA350 /* Cena_3.gif in Resources */ = {isa = PBXBuildFile; fileRef = 1D68E7D8218FC80E00FDA350 /* Cena_3.gif */; };
		1D68E7F1218FC80E00FDA350 /* Cena_2.gif in Resources */ = {isa = PBXBuildFile; fileRef = 1D68E7D9218FC80E00FDA350 /* Cena_2.gif */; };
		1D68E7F2218FC80E00FDA350 /* Cena_11.gif in Resources */ = {isa = PBXBuildFile; fileRef = 1D68E7DA218FC80E00FDA350 /* Cena_11.gif */; };
		1D68E7F4218FC80E00FDA350 /* Cena_13.gif in Resources */ = {isa = PBXBuildFile; fileRef = 1D68E7DC218FC80E00FDA350 /* Cena_13.gif */; };
		1D68E7F5218FC80E00FDA350 /* Cena_16.gif in Resources */ = {isa = PBXBuildFile; fileRef = 1D68E7DD218FC80E00FDA350 /* Cena_16.gif */; };
		1D68E7F6218FC80E00FDA350 /* Cena_8.gif in Resources */ = {isa = PBXBuildFile; fileRef = 1D68E7DE218FC80E00FDA350 /* Cena_8.gif */; };
		1D68E7F8218FCB4500FDA350 /* Cena21ViewController.swift in Sources */ = {isa = PBXBuildFile; fileRef = 1D68E7F7218FCB4500FDA350 /* Cena21ViewController.swift */; };
		1D68E7FA218FCB6900FDA350 /* Cena22ViewController.swift in Sources */ = {isa = PBXBuildFile; fileRef = 1D68E7F9218FCB6900FDA350 /* Cena22ViewController.swift */; };
		1D68E7FC218FCB7B00FDA350 /* Cena23ViewController.swift in Sources */ = {isa = PBXBuildFile; fileRef = 1D68E7FB218FCB7B00FDA350 /* Cena23ViewController.swift */; };
		1D68E7FE218FCB8D00FDA350 /* Cena24ViewController.swift in Sources */ = {isa = PBXBuildFile; fileRef = 1D68E7FD218FCB8D00FDA350 /* Cena24ViewController.swift */; };
		1D7C0FF4218F241C006DFE69 /* coração.mp3 in Resources */ = {isa = PBXBuildFile; fileRef = 1D7C0FE4218F241B006DFE69 /* coração.mp3 */; };
		1D7C0FF6218F241C006DFE69 /* comendo2.wav in Resources */ = {isa = PBXBuildFile; fileRef = 1D7C0FE6218F241B006DFE69 /* comendo2.wav */; };
		1D7C0FF7218F241C006DFE69 /* passaro2.wav in Resources */ = {isa = PBXBuildFile; fileRef = 1D7C0FE7218F241B006DFE69 /* passaro2.wav */; };
		1D7C0FF8218F241C006DFE69 /* agua_pia.mp3 in Resources */ = {isa = PBXBuildFile; fileRef = 1D7C0FE8218F241B006DFE69 /* agua_pia.mp3 */; };
		1D7C0FF9218F241C006DFE69 /* metro.wav in Resources */ = {isa = PBXBuildFile; fileRef = 1D7C0FE9218F241B006DFE69 /* metro.wav */; };
		1D7C0FFA218F241C006DFE69 /* respiração.mp3 in Resources */ = {isa = PBXBuildFile; fileRef = 1D7C0FEA218F241B006DFE69 /* respiração.mp3 */; };
		1D7C0FFB218F241C006DFE69 /* transito2.wav in Resources */ = {isa = PBXBuildFile; fileRef = 1D7C0FEB218F241B006DFE69 /* transito2.wav */; };
		1D7C0FFC218F241C006DFE69 /* comendo.mp3 in Resources */ = {isa = PBXBuildFile; fileRef = 1D7C0FEC218F241B006DFE69 /* comendo.mp3 */; };
		1D7C0FFD218F241C006DFE69 /* comendo3.wav in Resources */ = {isa = PBXBuildFile; fileRef = 1D7C0FED218F241B006DFE69 /* comendo3.wav */; };
		1D7C0FFE218F241C006DFE69 /* chave.wav in Resources */ = {isa = PBXBuildFile; fileRef = 1D7C0FEE218F241C006DFE69 /* chave.wav */; };
		1D7C0FFF218F241C006DFE69 /* transito3.wav in Resources */ = {isa = PBXBuildFile; fileRef = 1D7C0FEF218F241C006DFE69 /* transito3.wav */; };
		1D7C1000218F241C006DFE69 /* chave2.mp3 in Resources */ = {isa = PBXBuildFile; fileRef = 1D7C0FF0218F241C006DFE69 /* chave2.mp3 */; };
		1D7C1001218F241C006DFE69 /* coração3.wav in Resources */ = {isa = PBXBuildFile; fileRef = 1D7C0FF1218F241C006DFE69 /* coração3.wav */; };
		1D7C1002218F241C006DFE69 /* passaro_acordar.mp3 in Resources */ = {isa = PBXBuildFile; fileRef = 1D7C0FF2218F241C006DFE69 /* passaro_acordar.mp3 */; };
		1D7C1003218F241C006DFE69 /* coração2.mp3 in Resources */ = {isa = PBXBuildFile; fileRef = 1D7C0FF3218F241C006DFE69 /* coração2.mp3 */; };
		1D7DC80921B600FA00360F12 /* DeviceExtensao.swift in Sources */ = {isa = PBXBuildFile; fileRef = 1D7DC80821B600FA00360F12 /* DeviceExtensao.swift */; };
		1D90FA452180F520003FF364 /* Default-568h@2x.png in Resources */ = {isa = PBXBuildFile; fileRef = 1D90FA442180F520003FF364 /* Default-568h@2x.png */; };
		1DB47035218FD6CD00BDB5F1 /* Cena_19_1.gif in Resources */ = {isa = PBXBuildFile; fileRef = 1DB47034218FD6CD00BDB5F1 /* Cena_19_1.gif */; };
		1DB47037218FD72F00BDB5F1 /* Cena19_1ViewController.swift in Sources */ = {isa = PBXBuildFile; fileRef = 1DB47036218FD72F00BDB5F1 /* Cena19_1ViewController.swift */; };
		1DB8C371218FE28200149C22 /* Cena_24.gif in Resources */ = {isa = PBXBuildFile; fileRef = 1DB8C370218FE28100149C22 /* Cena_24.gif */; };
		1DB8C374218FEDB400149C22 /* Cena_23_2.gif in Resources */ = {isa = PBXBuildFile; fileRef = 1DB8C372218FEDB400149C22 /* Cena_23_2.gif */; };
		1DB8C375218FEDB400149C22 /* Cena_23.gif in Resources */ = {isa = PBXBuildFile; fileRef = 1DB8C373218FEDB400149C22 /* Cena_23.gif */; };
		1DBE1BC92188EA560000F746 /* TipsScenes.swift in Sources */ = {isa = PBXBuildFile; fileRef = 1DBE1BC82188EA560000F746 /* TipsScenes.swift */; };
		5E75ABD32183B9A900C59507 /* DilalogScenes.swift in Sources */ = {isa = PBXBuildFile; fileRef = 5E75ABD22183B9A900C59507 /* DilalogScenes.swift */; };
		5E82FA4F2188AC0600A43BE5 /* Juninho-Regular.ttf in Resources */ = {isa = PBXBuildFile; fileRef = 5E82FA4E2188AC0600A43BE5 /* Juninho-Regular.ttf */; };
		E2675A09219020BD0066ADE8 /* menu.gif in Resources */ = {isa = PBXBuildFile; fileRef = E2675A08219020BD0066ADE8 /* menu.gif */; };
		E2726C3E217A1DDE00FC04FF /* AppDelegate.swift in Sources */ = {isa = PBXBuildFile; fileRef = E2726C3D217A1DDE00FC04FF /* AppDelegate.swift */; };
		E2726C40217A1DDE00FC04FF /* ViewController.swift in Sources */ = {isa = PBXBuildFile; fileRef = E2726C3F217A1DDE00FC04FF /* ViewController.swift */; };
		E2726C43217A1DDE00FC04FF /* Main.storyboard in Resources */ = {isa = PBXBuildFile; fileRef = E2726C41217A1DDE00FC04FF /* Main.storyboard */; };
		E2726C45217A1DE000FC04FF /* Assets.xcassets in Resources */ = {isa = PBXBuildFile; fileRef = E2726C44217A1DE000FC04FF /* Assets.xcassets */; };
		E2726C48217A1DE000FC04FF /* LaunchScreen.storyboard in Resources */ = {isa = PBXBuildFile; fileRef = E2726C46217A1DE000FC04FF /* LaunchScreen.storyboard */; };
/* End PBXBuildFile section */

/* Begin PBXContainerItemProxy section */
		E2726C4F217A1DE000FC04FF /* PBXContainerItemProxy */ = {
			isa = PBXContainerItemProxy;
			containerPortal = E2726C32217A1DDE00FC04FF /* Project object */;
			proxyType = 1;
			remoteGlobalIDString = E2726C39217A1DDE00FC04FF;
			remoteInfo = Anxiety;
		};
		E2726C5A217A1DE000FC04FF /* PBXContainerItemProxy */ = {
			isa = PBXContainerItemProxy;
			containerPortal = E2726C32217A1DDE00FC04FF /* Project object */;
			proxyType = 1;
			remoteGlobalIDString = E2726C39217A1DDE00FC04FF;
			remoteInfo = Anxiety;
		};
/* End PBXContainerItemProxy section */

/* Begin PBXFileReference section */
		1D2DB8ED2182160E0097921A /* Cena1ViewController.swift */ = {isa = PBXFileReference; lastKnownFileType = sourcecode.swift; path = Cena1ViewController.swift; sourceTree = "<group>"; };
		1D2DB8EF218216BF0097921A /* Cena2ViewController.swift */ = {isa = PBXFileReference; lastKnownFileType = sourcecode.swift; path = Cena2ViewController.swift; sourceTree = "<group>"; };
		1D2DB8F1218216FC0097921A /* Cena3ViewController.swift */ = {isa = PBXFileReference; lastKnownFileType = sourcecode.swift; path = Cena3ViewController.swift; sourceTree = "<group>"; };
		1D2DB8F3218217310097921A /* Cena4ViewController.swift */ = {isa = PBXFileReference; lastKnownFileType = sourcecode.swift; path = Cena4ViewController.swift; sourceTree = "<group>"; };
		1D2DB8F5218217670097921A /* Cena5ViewController.swift */ = {isa = PBXFileReference; lastKnownFileType = sourcecode.swift; path = Cena5ViewController.swift; sourceTree = "<group>"; };
		1D2DB8F72182179E0097921A /* Cena6ViewController.swift */ = {isa = PBXFileReference; lastKnownFileType = sourcecode.swift; path = Cena6ViewController.swift; sourceTree = "<group>"; };
		1D2DB8F9218217DC0097921A /* Cena7ViewController.swift */ = {isa = PBXFileReference; lastKnownFileType = sourcecode.swift; path = Cena7ViewController.swift; sourceTree = "<group>"; };
		1D2DB8FB218218C60097921A /* Cena8ViewController.swift */ = {isa = PBXFileReference; lastKnownFileType = sourcecode.swift; path = Cena8ViewController.swift; sourceTree = "<group>"; };
		1D2DB8FD218219410097921A /* Cena9ViewController.swift */ = {isa = PBXFileReference; lastKnownFileType = sourcecode.swift; path = Cena9ViewController.swift; sourceTree = "<group>"; };
		1D2DB8FF218219720097921A /* Cena10ViewController.swift */ = {isa = PBXFileReference; lastKnownFileType = sourcecode.swift; path = Cena10ViewController.swift; sourceTree = "<group>"; };
		1D2DB901218219A30097921A /* Cena11ViewController.swift */ = {isa = PBXFileReference; lastKnownFileType = sourcecode.swift; path = Cena11ViewController.swift; sourceTree = "<group>"; };
		1D2DB903218219D60097921A /* Cena12ViewController.swift */ = {isa = PBXFileReference; lastKnownFileType = sourcecode.swift; path = Cena12ViewController.swift; sourceTree = "<group>"; };
		1D2DB90521821A0B0097921A /* Cena13ViewController.swift */ = {isa = PBXFileReference; lastKnownFileType = sourcecode.swift; path = Cena13ViewController.swift; sourceTree = "<group>"; };
		1D2DB90721821A430097921A /* Cena14ViewController.swift */ = {isa = PBXFileReference; lastKnownFileType = sourcecode.swift; path = Cena14ViewController.swift; sourceTree = "<group>"; };
		1D2DB90921821A740097921A /* Cena15ViewController.swift */ = {isa = PBXFileReference; lastKnownFileType = sourcecode.swift; path = Cena15ViewController.swift; sourceTree = "<group>"; };
		1D2DB90B21821C380097921A /* Cena16ViewController.swift */ = {isa = PBXFileReference; lastKnownFileType = sourcecode.swift; path = Cena16ViewController.swift; sourceTree = "<group>"; };
		1D2DB90D21821C880097921A /* Cena17ViewController.swift */ = {isa = PBXFileReference; lastKnownFileType = sourcecode.swift; path = Cena17ViewController.swift; sourceTree = "<group>"; };
		1D2DB90F21821D150097921A /* Cena18ViewController.swift */ = {isa = PBXFileReference; lastKnownFileType = sourcecode.swift; path = Cena18ViewController.swift; sourceTree = "<group>"; };
		1D2DB91121821D420097921A /* Cena19ViewController.swift */ = {isa = PBXFileReference; lastKnownFileType = sourcecode.swift; path = Cena19ViewController.swift; sourceTree = "<group>"; };
		1D2DB91321821DB80097921A /* Cena20ViewController.swift */ = {isa = PBXFileReference; lastKnownFileType = sourcecode.swift; path = Cena20ViewController.swift; sourceTree = "<group>"; };
		1D2F69282190357F00C70D6B /* ms3.wav */ = {isa = PBXFileReference; lastKnownFileType = audio.wav; path = ms3.wav; sourceTree = "<group>"; };
		1D2F69292190358000C70D6B /* ms2.wav */ = {isa = PBXFileReference; lastKnownFileType = audio.wav; path = ms2.wav; sourceTree = "<group>"; };
		1D2F692A2190358000C70D6B /* ms4.wav */ = {isa = PBXFileReference; lastKnownFileType = audio.wav; path = ms4.wav; sourceTree = "<group>"; };
		1D2F692B2190358000C70D6B /* ms1.wav */ = {isa = PBXFileReference; lastKnownFileType = audio.wav; path = ms1.wav; sourceTree = "<group>"; };
		1D352802218698060015B4A4 /* UIImageViewExtensao.swift */ = {isa = PBXFileReference; lastKnownFileType = sourcecode.swift; path = UIImageViewExtensao.swift; sourceTree = "<group>"; };
		1D68E7C7218FC80C00FDA350 /* Cena_5.gif */ = {isa = PBXFileReference; lastKnownFileType = image.gif; path = Cena_5.gif; sourceTree = "<group>"; };
		1D68E7C8218FC80D00FDA350 /* Cena_6.gif */ = {isa = PBXFileReference; lastKnownFileType = image.gif; path = Cena_6.gif; sourceTree = "<group>"; };
		1D68E7C9218FC80D00FDA350 /* Cena_9.gif */ = {isa = PBXFileReference; lastKnownFileType = image.gif; path = Cena_9.gif; sourceTree = "<group>"; };
		1D68E7CA218FC80D00FDA350 /* Cena_17.gif */ = {isa = PBXFileReference; lastKnownFileType = image.gif; path = Cena_17.gif; sourceTree = "<group>"; };
		1D68E7CB218FC80D00FDA350 /* Cena_19.gif */ = {isa = PBXFileReference; lastKnownFileType = image.gif; path = Cena_19.gif; sourceTree = "<group>"; };
		1D68E7CC218FC80D00FDA350 /* Cena_20.gif */ = {isa = PBXFileReference; lastKnownFileType = image.gif; path = Cena_20.gif; sourceTree = "<group>"; };
		1D68E7CD218FC80D00FDA350 /* Cena_4.gif */ = {isa = PBXFileReference; lastKnownFileType = image.gif; path = Cena_4.gif; sourceTree = "<group>"; };
		1D68E7CE218FC80D00FDA350 /* Cena_22.gif */ = {isa = PBXFileReference; lastKnownFileType = image.gif; path = Cena_22.gif; sourceTree = "<group>"; };
		1D68E7CF218FC80D00FDA350 /* Cena_12.gif */ = {isa = PBXFileReference; lastKnownFileType = image.gif; path = Cena_12.gif; sourceTree = "<group>"; };
		1D68E7D0218FC80D00FDA350 /* Cena_7.gif */ = {isa = PBXFileReference; lastKnownFileType = image.gif; path = Cena_7.gif; sourceTree = "<group>"; };
		1D68E7D1218FC80D00FDA350 /* Cena_15.gif */ = {isa = PBXFileReference; lastKnownFileType = image.gif; path = Cena_15.gif; sourceTree = "<group>"; };
		1D68E7D2218FC80D00FDA350 /* Cena_14.gif */ = {isa = PBXFileReference; lastKnownFileType = image.gif; path = Cena_14.gif; sourceTree = "<group>"; };
		1D68E7D3218FC80D00FDA350 /* Cena_18.gif */ = {isa = PBXFileReference; lastKnownFileType = image.gif; path = Cena_18.gif; sourceTree = "<group>"; };
		1D68E7D5218FC80E00FDA350 /* Cena_1.gif */ = {isa = PBXFileReference; lastKnownFileType = image.gif; path = Cena_1.gif; sourceTree = "<group>"; };
		1D68E7D6218FC80E00FDA350 /* Cena_10.gif */ = {isa = PBXFileReference; lastKnownFileType = image.gif; path = Cena_10.gif; sourceTree = "<group>"; };
		1D68E7D7218FC80E00FDA350 /* Cena_21.gif */ = {isa = PBXFileReference; lastKnownFileType = image.gif; path = Cena_21.gif; sourceTree = "<group>"; };
		1D68E7D8218FC80E00FDA350 /* Cena_3.gif */ = {isa = PBXFileReference; lastKnownFileType = image.gif; path = Cena_3.gif; sourceTree = "<group>"; };
		1D68E7D9218FC80E00FDA350 /* Cena_2.gif */ = {isa = PBXFileReference; lastKnownFileType = image.gif; path = Cena_2.gif; sourceTree = "<group>"; };
		1D68E7DA218FC80E00FDA350 /* Cena_11.gif */ = {isa = PBXFileReference; lastKnownFileType = image.gif; path = Cena_11.gif; sourceTree = "<group>"; };
		1D68E7DC218FC80E00FDA350 /* Cena_13.gif */ = {isa = PBXFileReference; lastKnownFileType = image.gif; path = Cena_13.gif; sourceTree = "<group>"; };
		1D68E7DD218FC80E00FDA350 /* Cena_16.gif */ = {isa = PBXFileReference; lastKnownFileType = image.gif; path = Cena_16.gif; sourceTree = "<group>"; };
		1D68E7DE218FC80E00FDA350 /* Cena_8.gif */ = {isa = PBXFileReference; lastKnownFileType = image.gif; path = Cena_8.gif; sourceTree = "<group>"; };
		1D68E7F7218FCB4500FDA350 /* Cena21ViewController.swift */ = {isa = PBXFileReference; lastKnownFileType = sourcecode.swift; path = Cena21ViewController.swift; sourceTree = "<group>"; };
		1D68E7F9218FCB6900FDA350 /* Cena22ViewController.swift */ = {isa = PBXFileReference; lastKnownFileType = sourcecode.swift; path = Cena22ViewController.swift; sourceTree = "<group>"; };
		1D68E7FB218FCB7B00FDA350 /* Cena23ViewController.swift */ = {isa = PBXFileReference; lastKnownFileType = sourcecode.swift; path = Cena23ViewController.swift; sourceTree = "<group>"; };
		1D68E7FD218FCB8D00FDA350 /* Cena24ViewController.swift */ = {isa = PBXFileReference; lastKnownFileType = sourcecode.swift; path = Cena24ViewController.swift; sourceTree = "<group>"; };
		1D7C0FE4218F241B006DFE69 /* coração.mp3 */ = {isa = PBXFileReference; lastKnownFileType = audio.mp3; path = "coração.mp3"; sourceTree = "<group>"; };
		1D7C0FE6218F241B006DFE69 /* comendo2.wav */ = {isa = PBXFileReference; lastKnownFileType = audio.wav; path = comendo2.wav; sourceTree = "<group>"; };
		1D7C0FE7218F241B006DFE69 /* passaro2.wav */ = {isa = PBXFileReference; lastKnownFileType = audio.wav; path = passaro2.wav; sourceTree = "<group>"; };
		1D7C0FE8218F241B006DFE69 /* agua_pia.mp3 */ = {isa = PBXFileReference; lastKnownFileType = audio.mp3; path = agua_pia.mp3; sourceTree = "<group>"; };
		1D7C0FE9218F241B006DFE69 /* metro.wav */ = {isa = PBXFileReference; lastKnownFileType = audio.wav; path = metro.wav; sourceTree = "<group>"; };
		1D7C0FEA218F241B006DFE69 /* respiração.mp3 */ = {isa = PBXFileReference; lastKnownFileType = audio.mp3; path = "respiração.mp3"; sourceTree = "<group>"; };
		1D7C0FEB218F241B006DFE69 /* transito2.wav */ = {isa = PBXFileReference; lastKnownFileType = audio.wav; path = transito2.wav; sourceTree = "<group>"; };
		1D7C0FEC218F241B006DFE69 /* comendo.mp3 */ = {isa = PBXFileReference; lastKnownFileType = audio.mp3; path = comendo.mp3; sourceTree = "<group>"; };
		1D7C0FED218F241B006DFE69 /* comendo3.wav */ = {isa = PBXFileReference; lastKnownFileType = audio.wav; path = comendo3.wav; sourceTree = "<group>"; };
		1D7C0FEE218F241C006DFE69 /* chave.wav */ = {isa = PBXFileReference; lastKnownFileType = audio.wav; path = chave.wav; sourceTree = "<group>"; };
		1D7C0FEF218F241C006DFE69 /* transito3.wav */ = {isa = PBXFileReference; lastKnownFileType = audio.wav; path = transito3.wav; sourceTree = "<group>"; };
		1D7C0FF0218F241C006DFE69 /* chave2.mp3 */ = {isa = PBXFileReference; lastKnownFileType = audio.mp3; path = chave2.mp3; sourceTree = "<group>"; };
		1D7C0FF1218F241C006DFE69 /* coração3.wav */ = {isa = PBXFileReference; lastKnownFileType = audio.wav; path = "coração3.wav"; sourceTree = "<group>"; };
		1D7C0FF2218F241C006DFE69 /* passaro_acordar.mp3 */ = {isa = PBXFileReference; lastKnownFileType = audio.mp3; path = passaro_acordar.mp3; sourceTree = "<group>"; };
		1D7C0FF3218F241C006DFE69 /* coração2.mp3 */ = {isa = PBXFileReference; lastKnownFileType = audio.mp3; path = "coração2.mp3"; sourceTree = "<group>"; };
		1D7DC80821B600FA00360F12 /* DeviceExtensao.swift */ = {isa = PBXFileReference; lastKnownFileType = sourcecode.swift; path = DeviceExtensao.swift; sourceTree = "<group>"; };
		1D90FA442180F520003FF364 /* Default-568h@2x.png */ = {isa = PBXFileReference; lastKnownFileType = image.png; path = "Default-568h@2x.png"; sourceTree = "<group>"; };
		1DB47034218FD6CD00BDB5F1 /* Cena_19_1.gif */ = {isa = PBXFileReference; lastKnownFileType = image.gif; path = Cena_19_1.gif; sourceTree = "<group>"; };
		1DB47036218FD72F00BDB5F1 /* Cena19_1ViewController.swift */ = {isa = PBXFileReference; lastKnownFileType = sourcecode.swift; path = Cena19_1ViewController.swift; sourceTree = "<group>"; };
		1DB8C370218FE28100149C22 /* Cena_24.gif */ = {isa = PBXFileReference; lastKnownFileType = image.gif; path = Cena_24.gif; sourceTree = "<group>"; };
		1DB8C372218FEDB400149C22 /* Cena_23_2.gif */ = {isa = PBXFileReference; lastKnownFileType = image.gif; path = Cena_23_2.gif; sourceTree = "<group>"; };
		1DB8C373218FEDB400149C22 /* Cena_23.gif */ = {isa = PBXFileReference; lastKnownFileType = image.gif; path = Cena_23.gif; sourceTree = "<group>"; };
		1DBE1BC82188EA560000F746 /* TipsScenes.swift */ = {isa = PBXFileReference; lastKnownFileType = sourcecode.swift; name = TipsScenes.swift; path = Anxiety/Controller/TipsScenes.swift; sourceTree = SOURCE_ROOT; };
		5E75ABD22183B9A900C59507 /* DilalogScenes.swift */ = {isa = PBXFileReference; lastKnownFileType = sourcecode.swift; name = DilalogScenes.swift; path = Anxiety/DilalogScenes.swift; sourceTree = SOURCE_ROOT; };
		5E82FA292188833900A43BE5 /* Anxiety.app */ = {isa = PBXFileReference; explicitFileType = wrapper.application; includeInIndex = 0; path = Anxiety.app; sourceTree = BUILT_PRODUCTS_DIR; };
		5E82FA2A2188833900A43BE5 /* AnxietyTests.xctest */ = {isa = PBXFileReference; explicitFileType = wrapper.cfbundle; includeInIndex = 0; path = AnxietyTests.xctest; sourceTree = BUILT_PRODUCTS_DIR; };
		5E82FA2B2188833900A43BE5 /* AnxietyUITests.xctest */ = {isa = PBXFileReference; explicitFileType = wrapper.cfbundle; includeInIndex = 0; path = AnxietyUITests.xctest; sourceTree = BUILT_PRODUCTS_DIR; };
		5E82FA4E2188AC0600A43BE5 /* Juninho-Regular.ttf */ = {isa = PBXFileReference; lastKnownFileType = file; path = "Juninho-Regular.ttf"; sourceTree = "<group>"; };
		E2675A08219020BD0066ADE8 /* menu.gif */ = {isa = PBXFileReference; lastKnownFileType = image.gif; path = menu.gif; sourceTree = "<group>"; };
		E2726C3D217A1DDE00FC04FF /* AppDelegate.swift */ = {isa = PBXFileReference; lastKnownFileType = sourcecode.swift; path = AppDelegate.swift; sourceTree = "<group>"; };
		E2726C3F217A1DDE00FC04FF /* ViewController.swift */ = {isa = PBXFileReference; lastKnownFileType = sourcecode.swift; path = ViewController.swift; sourceTree = "<group>"; };
		E2726C42217A1DDE00FC04FF /* Base */ = {isa = PBXFileReference; lastKnownFileType = file.storyboard; name = Base; path = Base.lproj/Main.storyboard; sourceTree = "<group>"; };
		E2726C44217A1DE000FC04FF /* Assets.xcassets */ = {isa = PBXFileReference; lastKnownFileType = folder.assetcatalog; path = Assets.xcassets; sourceTree = "<group>"; };
		E2726C47217A1DE000FC04FF /* Base */ = {isa = PBXFileReference; lastKnownFileType = file.storyboard; name = Base; path = Base.lproj/LaunchScreen.storyboard; sourceTree = "<group>"; };
		E2726C49217A1DE000FC04FF /* Info.plist */ = {isa = PBXFileReference; lastKnownFileType = text.plist.xml; path = Info.plist; sourceTree = "<group>"; };
/* End PBXFileReference section */

/* Begin PBXFrameworksBuildPhase section */
		E2726C37217A1DDE00FC04FF /* Frameworks */ = {
			isa = PBXFrameworksBuildPhase;
			buildActionMask = 2147483647;
			files = (
			);
			runOnlyForDeploymentPostprocessing = 0;
		};
		E2726C4B217A1DE000FC04FF /* Frameworks */ = {
			isa = PBXFrameworksBuildPhase;
			buildActionMask = 2147483647;
			files = (
			);
			runOnlyForDeploymentPostprocessing = 0;
		};
		E2726C56217A1DE000FC04FF /* Frameworks */ = {
			isa = PBXFrameworksBuildPhase;
			buildActionMask = 2147483647;
			files = (
			);
			runOnlyForDeploymentPostprocessing = 0;
		};
/* End PBXFrameworksBuildPhase section */

/* Begin PBXGroup section */
		1D059C69218B0D3B006B5A0C /* ImagensCenas */ = {
			isa = PBXGroup;
			children = (
				E2675A08219020BD0066ADE8 /* menu.gif */,
				1DB47034218FD6CD00BDB5F1 /* Cena_19_1.gif */,
				1D68E7D5218FC80E00FDA350 /* Cena_1.gif */,
				1D68E7D9218FC80E00FDA350 /* Cena_2.gif */,
				1D68E7D8218FC80E00FDA350 /* Cena_3.gif */,
				1D68E7CD218FC80D00FDA350 /* Cena_4.gif */,
				1D68E7C7218FC80C00FDA350 /* Cena_5.gif */,
				1D68E7C8218FC80D00FDA350 /* Cena_6.gif */,
				1D68E7D0218FC80D00FDA350 /* Cena_7.gif */,
				1DB8C372218FEDB400149C22 /* Cena_23_2.gif */,
				1DB8C373218FEDB400149C22 /* Cena_23.gif */,
				1D68E7DE218FC80E00FDA350 /* Cena_8.gif */,
				1D68E7C9218FC80D00FDA350 /* Cena_9.gif */,
				1D68E7D6218FC80E00FDA350 /* Cena_10.gif */,
				1D68E7DA218FC80E00FDA350 /* Cena_11.gif */,
				1D68E7CF218FC80D00FDA350 /* Cena_12.gif */,
				1D68E7DC218FC80E00FDA350 /* Cena_13.gif */,
				1D68E7D2218FC80D00FDA350 /* Cena_14.gif */,
				1D68E7D1218FC80D00FDA350 /* Cena_15.gif */,
				1D68E7DD218FC80E00FDA350 /* Cena_16.gif */,
				1D68E7CA218FC80D00FDA350 /* Cena_17.gif */,
				1D68E7D3218FC80D00FDA350 /* Cena_18.gif */,
				1D68E7CB218FC80D00FDA350 /* Cena_19.gif */,
				1D68E7CC218FC80D00FDA350 /* Cena_20.gif */,
				1D68E7D7218FC80E00FDA350 /* Cena_21.gif */,
				1D68E7CE218FC80D00FDA350 /* Cena_22.gif */,
				1DB8C370218FE28100149C22 /* Cena_24.gif */,
			);
			path = ImagensCenas;
			sourceTree = "<group>";
		};
		1D7C0FE3218F2385006DFE69 /* Sounds */ = {
			isa = PBXGroup;
			children = (
				1D7C0FE8218F241B006DFE69 /* agua_pia.mp3 */,
				1D7C0FEE218F241C006DFE69 /* chave.wav */,
				1D7C0FF0218F241C006DFE69 /* chave2.mp3 */,
				1D7C0FEC218F241B006DFE69 /* comendo.mp3 */,
				1D7C0FE6218F241B006DFE69 /* comendo2.wav */,
				1D7C0FED218F241B006DFE69 /* comendo3.wav */,
				1D7C0FE4218F241B006DFE69 /* coração.mp3 */,
				1D7C0FF3218F241C006DFE69 /* coração2.mp3 */,
				1D7C0FF1218F241C006DFE69 /* coração3.wav */,
				1D7C0FF2218F241C006DFE69 /* passaro_acordar.mp3 */,
				1D7C0FE7218F241B006DFE69 /* passaro2.wav */,
				1D7C0FEA218F241B006DFE69 /* respiração.mp3 */,
				1D7C0FEB218F241B006DFE69 /* transito2.wav */,
				1D7C0FEF218F241C006DFE69 /* transito3.wav */,
				1D2F692B2190358000C70D6B /* ms1.wav */,
				1D2F69292190358000C70D6B /* ms2.wav */,
				1D2F69282190357F00C70D6B /* ms3.wav */,
				1D2F692A2190358000C70D6B /* ms4.wav */,
				1D7C0FE9218F241B006DFE69 /* metro.wav */,
			);
			path = Sounds;
			sourceTree = "<group>";
		};
		1D7DC80B21B6012900360F12 /* ExtensoesFramework */ = {
			isa = PBXGroup;
			children = (
				1D352802218698060015B4A4 /* UIImageViewExtensao.swift */,
				1D7DC80821B600FA00360F12 /* DeviceExtensao.swift */,
			);
			path = ExtensoesFramework;
			sourceTree = "<group>";
		};
		5E71351D217A281F008290E4 /* View */ = {
			isa = PBXGroup;
			children = (
				E2726C41217A1DDE00FC04FF /* Main.storyboard */,
				1D059C69218B0D3B006B5A0C /* ImagensCenas */,
				E2726C44217A1DE000FC04FF /* Assets.xcassets */,
				E2726C46217A1DE000FC04FF /* LaunchScreen.storyboard */,
			);
			path = View;
			sourceTree = "<group>";
		};
		5E71351E217A2829008290E4 /* Controller */ = {
			isa = PBXGroup;
			children = (
				E2726C3D217A1DDE00FC04FF /* AppDelegate.swift */,
				E2726C3F217A1DDE00FC04FF /* ViewController.swift */,
				1D2DB8ED2182160E0097921A /* Cena1ViewController.swift */,
				1D2DB8EF218216BF0097921A /* Cena2ViewController.swift */,
				1D2DB8F1218216FC0097921A /* Cena3ViewController.swift */,
				1D2DB8F3218217310097921A /* Cena4ViewController.swift */,
				1D2DB8F5218217670097921A /* Cena5ViewController.swift */,
				1D2DB8F72182179E0097921A /* Cena6ViewController.swift */,
				1D2DB8F9218217DC0097921A /* Cena7ViewController.swift */,
				1D2DB8FB218218C60097921A /* Cena8ViewController.swift */,
				1D2DB8FD218219410097921A /* Cena9ViewController.swift */,
				1D2DB8FF218219720097921A /* Cena10ViewController.swift */,
				1D2DB901218219A30097921A /* Cena11ViewController.swift */,
				1D2DB903218219D60097921A /* Cena12ViewController.swift */,
				1D2DB90521821A0B0097921A /* Cena13ViewController.swift */,
				1D2DB90721821A430097921A /* Cena14ViewController.swift */,
				1D2DB90921821A740097921A /* Cena15ViewController.swift */,
				1D2DB90B21821C380097921A /* Cena16ViewController.swift */,
				1D2DB90D21821C880097921A /* Cena17ViewController.swift */,
				1D2DB90F21821D150097921A /* Cena18ViewController.swift */,
				1D2DB91121821D420097921A /* Cena19ViewController.swift */,
				1D2DB91321821DB80097921A /* Cena20ViewController.swift */,
				1D68E7F7218FCB4500FDA350 /* Cena21ViewController.swift */,
				1D68E7F9218FCB6900FDA350 /* Cena22ViewController.swift */,
				1D68E7FB218FCB7B00FDA350 /* Cena23ViewController.swift */,
				1D68E7FD218FCB8D00FDA350 /* Cena24ViewController.swift */,
				1DB47036218FD72F00BDB5F1 /* Cena19_1ViewController.swift */,
				1D7DC80B21B6012900360F12 /* ExtensoesFramework */,
			);
			path = Controller;
			sourceTree = "<group>";
		};
		5E75ABD12183B95300C59507 /* Model */ = {
			isa = PBXGroup;
			children = (
				1D7C0FE3218F2385006DFE69 /* Sounds */,
				5E75ABD22183B9A900C59507 /* DilalogScenes.swift */,
				1DBE1BC82188EA560000F746 /* TipsScenes.swift */,
			);
			path = Model;
			sourceTree = "<group>";
		};
		5E82FA4D2188AB7E00A43BE5 /* font */ = {
			isa = PBXGroup;
			children = (
				5E82FA4E2188AC0600A43BE5 /* Juninho-Regular.ttf */,
			);
			path = font;
			sourceTree = "<group>";
		};
		E2726C31217A1DDE00FC04FF = {
			isa = PBXGroup;
			children = (
				1D90FA442180F520003FF364 /* Default-568h@2x.png */,
				E2726C3C217A1DDE00FC04FF /* Anxiety */,
				5E82FA292188833900A43BE5 /* Anxiety.app */,
				5E82FA2A2188833900A43BE5 /* AnxietyTests.xctest */,
				5E82FA2B2188833900A43BE5 /* AnxietyUITests.xctest */,
			);
			sourceTree = "<group>";
		};
		E2726C3C217A1DDE00FC04FF /* Anxiety */ = {
			isa = PBXGroup;
			children = (
				5E82FA4D2188AB7E00A43BE5 /* font */,
				5E75ABD12183B95300C59507 /* Model */,
				5E71351E217A2829008290E4 /* Controller */,
				5E71351D217A281F008290E4 /* View */,
				E2726C49217A1DE000FC04FF /* Info.plist */,
			);
			path = Anxiety;
			sourceTree = "<group>";
		};
/* End PBXGroup section */

/* Begin PBXNativeTarget section */
		E2726C39217A1DDE00FC04FF /* Anxiety */ = {
			isa = PBXNativeTarget;
			buildConfigurationList = E2726C62217A1DE000FC04FF /* Build configuration list for PBXNativeTarget "Anxiety" */;
			buildPhases = (
				E2726C36217A1DDE00FC04FF /* Sources */,
				E2726C37217A1DDE00FC04FF /* Frameworks */,
				E2726C38217A1DDE00FC04FF /* Resources */,
			);
			buildRules = (
			);
			dependencies = (
			);
			name = Anxiety;
			productName = Anxiety;
			productReference = 5E82FA292188833900A43BE5 /* Anxiety.app */;
			productType = "com.apple.product-type.application";
		};
		E2726C4D217A1DE000FC04FF /* AnxietyTests */ = {
			isa = PBXNativeTarget;
			buildConfigurationList = E2726C65217A1DE000FC04FF /* Build configuration list for PBXNativeTarget "AnxietyTests" */;
			buildPhases = (
				E2726C4A217A1DE000FC04FF /* Sources */,
				E2726C4B217A1DE000FC04FF /* Frameworks */,
				E2726C4C217A1DE000FC04FF /* Resources */,
			);
			buildRules = (
			);
			dependencies = (
				E2726C50217A1DE000FC04FF /* PBXTargetDependency */,
			);
			name = AnxietyTests;
			productName = AnxietyTests;
			productReference = 5E82FA2A2188833900A43BE5 /* AnxietyTests.xctest */;
			productType = "com.apple.product-type.bundle.unit-test";
		};
		E2726C58217A1DE000FC04FF /* AnxietyUITests */ = {
			isa = PBXNativeTarget;
			buildConfigurationList = E2726C68217A1DE000FC04FF /* Build configuration list for PBXNativeTarget "AnxietyUITests" */;
			buildPhases = (
				E2726C55217A1DE000FC04FF /* Sources */,
				E2726C56217A1DE000FC04FF /* Frameworks */,
				E2726C57217A1DE000FC04FF /* Resources */,
			);
			buildRules = (
			);
			dependencies = (
				E2726C5B217A1DE000FC04FF /* PBXTargetDependency */,
			);
			name = AnxietyUITests;
			productName = AnxietyUITests;
			productReference = 5E82FA2B2188833900A43BE5 /* AnxietyUITests.xctest */;
			productType = "com.apple.product-type.bundle.ui-testing";
		};
/* End PBXNativeTarget section */

/* Begin PBXProject section */
		E2726C32217A1DDE00FC04FF /* Project object */ = {
			isa = PBXProject;
			attributes = {
				LastSwiftUpdateCheck = 1000;
				LastUpgradeCheck = 1000;
				ORGANIZATIONNAME = "Joel Menezes Hamon";
				TargetAttributes = {
					E2726C39217A1DDE00FC04FF = {
						CreatedOnToolsVersion = 10.0;
					};
					E2726C4D217A1DE000FC04FF = {
						CreatedOnToolsVersion = 10.0;
						TestTargetID = E2726C39217A1DDE00FC04FF;
					};
					E2726C58217A1DE000FC04FF = {
						CreatedOnToolsVersion = 10.0;
						TestTargetID = E2726C39217A1DDE00FC04FF;
					};
				};
			};
			buildConfigurationList = E2726C35217A1DDE00FC04FF /* Build configuration list for PBXProject "Anxiety" */;
			compatibilityVersion = "Xcode 9.3";
			developmentRegion = en;
			hasScannedForEncodings = 0;
			knownRegions = (
				en,
				Base,
			);
			mainGroup = E2726C31217A1DDE00FC04FF;
			productRefGroup = E2726C31217A1DDE00FC04FF;
			projectDirPath = "";
			projectRoot = "";
			targets = (
				E2726C39217A1DDE00FC04FF /* Anxiety */,
				E2726C4D217A1DE000FC04FF /* AnxietyTests */,
				E2726C58217A1DE000FC04FF /* AnxietyUITests */,
			);
		};
/* End PBXProject section */

/* Begin PBXResourcesBuildPhase section */
		E2726C38217A1DDE00FC04FF /* Resources */ = {
			isa = PBXResourcesBuildPhase;
			buildActionMask = 2147483647;
			files = (
				1D68E7E5218FC80E00FDA350 /* Cena_4.gif in Resources */,
				1DB47035218FD6CD00BDB5F1 /* Cena_19_1.gif in Resources */,
				E2726C48217A1DE000FC04FF /* LaunchScreen.storyboard in Resources */,
				E2675A09219020BD0066ADE8 /* menu.gif in Resources */,
				5E82FA4F2188AC0600A43BE5 /* Juninho-Regular.ttf in Resources */,
				1D7C1002218F241C006DFE69 /* passaro_acordar.mp3 in Resources */,
				1D2F692C2190358000C70D6B /* ms3.wav in Resources */,
				1D68E7E7218FC80E00FDA350 /* Cena_12.gif in Resources */,
				1D7C0FFE218F241C006DFE69 /* chave.wav in Resources */,
				1D2F692F2190358000C70D6B /* ms1.wav in Resources */,
				1D90FA452180F520003FF364 /* Default-568h@2x.png in Resources */,
				1D68E7E4218FC80E00FDA350 /* Cena_20.gif in Resources */,
				1D2F692E2190358000C70D6B /* ms4.wav in Resources */,
				1D7C1001218F241C006DFE69 /* coração3.wav in Resources */,
				1D7C0FFD218F241C006DFE69 /* comendo3.wav in Resources */,
				1DB8C374218FEDB400149C22 /* Cena_23_2.gif in Resources */,
				1D68E7EA218FC80E00FDA350 /* Cena_14.gif in Resources */,
				1D68E7E6218FC80E00FDA350 /* Cena_22.gif in Resources */,
				1D68E7E1218FC80E00FDA350 /* Cena_9.gif in Resources */,
				1DB8C375218FEDB400149C22 /* Cena_23.gif in Resources */,
				1D7C0FF8218F241C006DFE69 /* agua_pia.mp3 in Resources */,
				1D68E7F1218FC80E00FDA350 /* Cena_2.gif in Resources */,
				1D7C0FFF218F241C006DFE69 /* transito3.wav in Resources */,
				1D7C1000218F241C006DFE69 /* chave2.mp3 in Resources */,
				1D7C0FF6218F241C006DFE69 /* comendo2.wav in Resources */,
				1D68E7ED218FC80E00FDA350 /* Cena_1.gif in Resources */,
				1D7C0FF9218F241C006DFE69 /* metro.wav in Resources */,
				1D68E7E2218FC80E00FDA350 /* Cena_17.gif in Resources */,
				1D68E7EF218FC80E00FDA350 /* Cena_21.gif in Resources */,
				1D68E7EB218FC80E00FDA350 /* Cena_18.gif in Resources */,
				1D68E7E9218FC80E00FDA350 /* Cena_15.gif in Resources */,
				1D68E7F4218FC80E00FDA350 /* Cena_13.gif in Resources */,
				1D68E7F0218FC80E00FDA350 /* Cena_3.gif in Resources */,
				1D68E7EE218FC80E00FDA350 /* Cena_10.gif in Resources */,
				1D68E7F6218FC80E00FDA350 /* Cena_8.gif in Resources */,
				1D7C1003218F241C006DFE69 /* coração2.mp3 in Resources */,
				1D7C0FF7218F241C006DFE69 /* passaro2.wav in Resources */,
				1D68E7F5218FC80E00FDA350 /* Cena_16.gif in Resources */,
				1D2F692D2190358000C70D6B /* ms2.wav in Resources */,
				1D7C0FFC218F241C006DFE69 /* comendo.mp3 in Resources */,
				1D7C0FFB218F241C006DFE69 /* transito2.wav in Resources */,
				1DB8C371218FE28200149C22 /* Cena_24.gif in Resources */,
				1D68E7F2218FC80E00FDA350 /* Cena_11.gif in Resources */,
				1D68E7E0218FC80E00FDA350 /* Cena_6.gif in Resources */,
				1D7C0FFA218F241C006DFE69 /* respiração.mp3 in Resources */,
				E2726C45217A1DE000FC04FF /* Assets.xcassets in Resources */,
				1D7C0FF4218F241C006DFE69 /* coração.mp3 in Resources */,
				E2726C43217A1DDE00FC04FF /* Main.storyboard in Resources */,
				1D68E7E8218FC80E00FDA350 /* Cena_7.gif in Resources */,
				1D68E7E3218FC80E00FDA350 /* Cena_19.gif in Resources */,
				1D68E7DF218FC80E00FDA350 /* Cena_5.gif in Resources */,
			);
			runOnlyForDeploymentPostprocessing = 0;
		};
		E2726C4C217A1DE000FC04FF /* Resources */ = {
			isa = PBXResourcesBuildPhase;
			buildActionMask = 2147483647;
			files = (
			);
			runOnlyForDeploymentPostprocessing = 0;
		};
		E2726C57217A1DE000FC04FF /* Resources */ = {
			isa = PBXResourcesBuildPhase;
			buildActionMask = 2147483647;
			files = (
			);
			runOnlyForDeploymentPostprocessing = 0;
		};
/* End PBXResourcesBuildPhase section */

/* Begin PBXSourcesBuildPhase section */
		E2726C36217A1DDE00FC04FF /* Sources */ = {
			isa = PBXSourcesBuildPhase;
			buildActionMask = 2147483647;
			files = (
				1D2DB91421821DB80097921A /* Cena20ViewController.swift in Sources */,
				1D2DB90821821A430097921A /* Cena14ViewController.swift in Sources */,
				1D2DB8F82182179E0097921A /* Cena6ViewController.swift in Sources */,
				5E75ABD32183B9A900C59507 /* DilalogScenes.swift in Sources */,
				1DBE1BC92188EA560000F746 /* TipsScenes.swift in Sources */,
				1D2DB8F4218217310097921A /* Cena4ViewController.swift in Sources */,
				1D2DB8F0218216BF0097921A /* Cena2ViewController.swift in Sources */,
				E2726C40217A1DDE00FC04FF /* ViewController.swift in Sources */,
				1D68E7FC218FCB7B00FDA350 /* Cena23ViewController.swift in Sources */,
				1D2DB902218219A30097921A /* Cena11ViewController.swift in Sources */,
				1D2DB900218219720097921A /* Cena10ViewController.swift in Sources */,
				1D68E7FA218FCB6900FDA350 /* Cena22ViewController.swift in Sources */,
				E2726C3E217A1DDE00FC04FF /* AppDelegate.swift in Sources */,
				1D2DB8FA218217DC0097921A /* Cena7ViewController.swift in Sources */,
				1D2DB904218219D60097921A /* Cena12ViewController.swift in Sources */,
				1D2DB90E21821C880097921A /* Cena17ViewController.swift in Sources */,
				1D7DC80921B600FA00360F12 /* DeviceExtensao.swift in Sources */,
				1D2DB8FC218218C60097921A /* Cena8ViewController.swift in Sources */,
				1D2DB8EE2182160E0097921A /* Cena1ViewController.swift in Sources */,
				1D352803218698060015B4A4 /* UIImageViewExtensao.swift in Sources */,
				1D2DB8F2218216FC0097921A /* Cena3ViewController.swift in Sources */,
				1D2DB91021821D150097921A /* Cena18ViewController.swift in Sources */,
				1D2DB90A21821A740097921A /* Cena15ViewController.swift in Sources */,
				1D68E7F8218FCB4500FDA350 /* Cena21ViewController.swift in Sources */,
				1DB47037218FD72F00BDB5F1 /* Cena19_1ViewController.swift in Sources */,
				1D2DB90C21821C380097921A /* Cena16ViewController.swift in Sources */,
				1D2DB90621821A0B0097921A /* Cena13ViewController.swift in Sources */,
				1D2DB91221821D420097921A /* Cena19ViewController.swift in Sources */,
				1D2DB8FE218219410097921A /* Cena9ViewController.swift in Sources */,
				1D2DB8F6218217670097921A /* Cena5ViewController.swift in Sources */,
				1D68E7FE218FCB8D00FDA350 /* Cena24ViewController.swift in Sources */,
			);
			runOnlyForDeploymentPostprocessing = 0;
		};
		E2726C4A217A1DE000FC04FF /* Sources */ = {
			isa = PBXSourcesBuildPhase;
			buildActionMask = 2147483647;
			files = (
			);
			runOnlyForDeploymentPostprocessing = 0;
		};
		E2726C55217A1DE000FC04FF /* Sources */ = {
			isa = PBXSourcesBuildPhase;
			buildActionMask = 2147483647;
			files = (
			);
			runOnlyForDeploymentPostprocessing = 0;
		};
/* End PBXSourcesBuildPhase section */

/* Begin PBXTargetDependency section */
		E2726C50217A1DE000FC04FF /* PBXTargetDependency */ = {
			isa = PBXTargetDependency;
			target = E2726C39217A1DDE00FC04FF /* Anxiety */;
			targetProxy = E2726C4F217A1DE000FC04FF /* PBXContainerItemProxy */;
		};
		E2726C5B217A1DE000FC04FF /* PBXTargetDependency */ = {
			isa = PBXTargetDependency;
			target = E2726C39217A1DDE00FC04FF /* Anxiety */;
			targetProxy = E2726C5A217A1DE000FC04FF /* PBXContainerItemProxy */;
		};
/* End PBXTargetDependency section */

/* Begin PBXVariantGroup section */
		E2726C41217A1DDE00FC04FF /* Main.storyboard */ = {
			isa = PBXVariantGroup;
			children = (
				E2726C42217A1DDE00FC04FF /* Base */,
			);
			name = Main.storyboard;
			sourceTree = "<group>";
		};
		E2726C46217A1DE000FC04FF /* LaunchScreen.storyboard */ = {
			isa = PBXVariantGroup;
			children = (
				E2726C47217A1DE000FC04FF /* Base */,
			);
			name = LaunchScreen.storyboard;
			sourceTree = "<group>";
		};
/* End PBXVariantGroup section */

/* Begin XCBuildConfiguration section */
		E2726C60217A1DE000FC04FF /* Debug */ = {
			isa = XCBuildConfiguration;
			buildSettings = {
				ALWAYS_SEARCH_USER_PATHS = NO;
				CLANG_ANALYZER_NONNULL = YES;
				CLANG_ANALYZER_NUMBER_OBJECT_CONVERSION = YES_AGGRESSIVE;
				CLANG_CXX_LANGUAGE_STANDARD = "gnu++14";
				CLANG_CXX_LIBRARY = "libc++";
				CLANG_ENABLE_MODULES = YES;
				CLANG_ENABLE_OBJC_ARC = YES;
				CLANG_ENABLE_OBJC_WEAK = YES;
				CLANG_WARN_BLOCK_CAPTURE_AUTORELEASING = YES;
				CLANG_WARN_BOOL_CONVERSION = YES;
				CLANG_WARN_COMMA = YES;
				CLANG_WARN_CONSTANT_CONVERSION = YES;
				CLANG_WARN_DEPRECATED_OBJC_IMPLEMENTATIONS = YES;
				CLANG_WARN_DIRECT_OBJC_ISA_USAGE = YES_ERROR;
				CLANG_WARN_DOCUMENTATION_COMMENTS = YES;
				CLANG_WARN_EMPTY_BODY = YES;
				CLANG_WARN_ENUM_CONVERSION = YES;
				CLANG_WARN_INFINITE_RECURSION = YES;
				CLANG_WARN_INT_CONVERSION = YES;
				CLANG_WARN_NON_LITERAL_NULL_CONVERSION = YES;
				CLANG_WARN_OBJC_IMPLICIT_RETAIN_SELF = YES;
				CLANG_WARN_OBJC_LITERAL_CONVERSION = YES;
				CLANG_WARN_OBJC_ROOT_CLASS = YES_ERROR;
				CLANG_WARN_RANGE_LOOP_ANALYSIS = YES;
				CLANG_WARN_STRICT_PROTOTYPES = YES;
				CLANG_WARN_SUSPICIOUS_MOVE = YES;
				CLANG_WARN_UNGUARDED_AVAILABILITY = YES_AGGRESSIVE;
				CLANG_WARN_UNREACHABLE_CODE = YES;
				CLANG_WARN__DUPLICATE_METHOD_MATCH = YES;
				CODE_SIGN_IDENTITY = "iPhone Developer";
				COPY_PHASE_STRIP = NO;
				DEBUG_INFORMATION_FORMAT = dwarf;
				ENABLE_STRICT_OBJC_MSGSEND = YES;
				ENABLE_TESTABILITY = YES;
				GCC_C_LANGUAGE_STANDARD = gnu11;
				GCC_DYNAMIC_NO_PIC = NO;
				GCC_NO_COMMON_BLOCKS = YES;
				GCC_OPTIMIZATION_LEVEL = 0;
				GCC_PREPROCESSOR_DEFINITIONS = (
					"DEBUG=1",
					"$(inherited)",
				);
				GCC_WARN_64_TO_32_BIT_CONVERSION = YES;
				GCC_WARN_ABOUT_RETURN_TYPE = YES_ERROR;
				GCC_WARN_UNDECLARED_SELECTOR = YES;
				GCC_WARN_UNINITIALIZED_AUTOS = YES_AGGRESSIVE;
				GCC_WARN_UNUSED_FUNCTION = YES;
				GCC_WARN_UNUSED_VARIABLE = YES;
				IPHONEOS_DEPLOYMENT_TARGET = 12.0;
				MTL_ENABLE_DEBUG_INFO = INCLUDE_SOURCE;
				MTL_FAST_MATH = YES;
				ONLY_ACTIVE_ARCH = YES;
				SDKROOT = iphoneos;
				SWIFT_ACTIVE_COMPILATION_CONDITIONS = DEBUG;
				SWIFT_OPTIMIZATION_LEVEL = "-Onone";
			};
			name = Debug;
		};
		E2726C61217A1DE000FC04FF /* Release */ = {
			isa = XCBuildConfiguration;
			buildSettings = {
				ALWAYS_SEARCH_USER_PATHS = NO;
				CLANG_ANALYZER_NONNULL = YES;
				CLANG_ANALYZER_NUMBER_OBJECT_CONVERSION = YES_AGGRESSIVE;
				CLANG_CXX_LANGUAGE_STANDARD = "gnu++14";
				CLANG_CXX_LIBRARY = "libc++";
				CLANG_ENABLE_MODULES = YES;
				CLANG_ENABLE_OBJC_ARC = YES;
				CLANG_ENABLE_OBJC_WEAK = YES;
				CLANG_WARN_BLOCK_CAPTURE_AUTORELEASING = YES;
				CLANG_WARN_BOOL_CONVERSION = YES;
				CLANG_WARN_COMMA = YES;
				CLANG_WARN_CONSTANT_CONVERSION = YES;
				CLANG_WARN_DEPRECATED_OBJC_IMPLEMENTATIONS = YES;
				CLANG_WARN_DIRECT_OBJC_ISA_USAGE = YES_ERROR;
				CLANG_WARN_DOCUMENTATION_COMMENTS = YES;
				CLANG_WARN_EMPTY_BODY = YES;
				CLANG_WARN_ENUM_CONVERSION = YES;
				CLANG_WARN_INFINITE_RECURSION = YES;
				CLANG_WARN_INT_CONVERSION = YES;
				CLANG_WARN_NON_LITERAL_NULL_CONVERSION = YES;
				CLANG_WARN_OBJC_IMPLICIT_RETAIN_SELF = YES;
				CLANG_WARN_OBJC_LITERAL_CONVERSION = YES;
				CLANG_WARN_OBJC_ROOT_CLASS = YES_ERROR;
				CLANG_WARN_RANGE_LOOP_ANALYSIS = YES;
				CLANG_WARN_STRICT_PROTOTYPES = YES;
				CLANG_WARN_SUSPICIOUS_MOVE = YES;
				CLANG_WARN_UNGUARDED_AVAILABILITY = YES_AGGRESSIVE;
				CLANG_WARN_UNREACHABLE_CODE = YES;
				CLANG_WARN__DUPLICATE_METHOD_MATCH = YES;
				CODE_SIGN_IDENTITY = "iPhone Developer";
				COPY_PHASE_STRIP = NO;
				DEBUG_INFORMATION_FORMAT = "dwarf-with-dsym";
				ENABLE_NS_ASSERTIONS = NO;
				ENABLE_STRICT_OBJC_MSGSEND = YES;
				GCC_C_LANGUAGE_STANDARD = gnu11;
				GCC_NO_COMMON_BLOCKS = YES;
				GCC_WARN_64_TO_32_BIT_CONVERSION = YES;
				GCC_WARN_ABOUT_RETURN_TYPE = YES_ERROR;
				GCC_WARN_UNDECLARED_SELECTOR = YES;
				GCC_WARN_UNINITIALIZED_AUTOS = YES_AGGRESSIVE;
				GCC_WARN_UNUSED_FUNCTION = YES;
				GCC_WARN_UNUSED_VARIABLE = YES;
				IPHONEOS_DEPLOYMENT_TARGET = 12.0;
				MTL_ENABLE_DEBUG_INFO = NO;
				MTL_FAST_MATH = YES;
				SDKROOT = iphoneos;
				SWIFT_COMPILATION_MODE = wholemodule;
				SWIFT_OPTIMIZATION_LEVEL = "-O";
				VALIDATE_PRODUCT = YES;
			};
			name = Release;
		};
		E2726C63217A1DE000FC04FF /* Debug */ = {
			isa = XCBuildConfiguration;
			buildSettings = {
				ASSETCATALOG_COMPILER_APPICON_NAME = AppIcon;
				CODE_SIGN_STYLE = Automatic;
				DEVELOPMENT_TEAM = 97WB89LRXA;
				INFOPLIST_FILE = Anxiety/Info.plist;
				LD_RUNPATH_SEARCH_PATHS = (
					"$(inherited)",
					"@executable_path/Frameworks",
				);
				PRODUCT_BUNDLE_IDENTIFIER = com.Academy.Anxiety;
				PRODUCT_NAME = "$(TARGET_NAME)";
				SWIFT_VERSION = 4.2;
				TARGETED_DEVICE_FAMILY = 1;
			};
			name = Debug;
		};
		E2726C64217A1DE000FC04FF /* Release */ = {
			isa = XCBuildConfiguration;
			buildSettings = {
				ASSETCATALOG_COMPILER_APPICON_NAME = AppIcon;
				CODE_SIGN_STYLE = Automatic;
				DEVELOPMENT_TEAM = 97WB89LRXA;
				INFOPLIST_FILE = Anxiety/Info.plist;
				LD_RUNPATH_SEARCH_PATHS = (
					"$(inherited)",
					"@executable_path/Frameworks",
				);
				PRODUCT_BUNDLE_IDENTIFIER = com.Academy.Anxiety;
				PRODUCT_NAME = "$(TARGET_NAME)";
				SWIFT_VERSION = 4.2;
				TARGETED_DEVICE_FAMILY = 1;
			};
			name = Release;
		};
		E2726C66217A1DE000FC04FF /* Debug */ = {
			isa = XCBuildConfiguration;
			buildSettings = {
				ALWAYS_EMBED_SWIFT_STANDARD_LIBRARIES = YES;
				BUNDLE_LOADER = "$(TEST_HOST)";
				CODE_SIGN_STYLE = Automatic;
				DEVELOPMENT_TEAM = SMM55X2K37;
				INFOPLIST_FILE = AnxietyTests/Info.plist;
				LD_RUNPATH_SEARCH_PATHS = (
					"$(inherited)",
					"@executable_path/Frameworks",
					"@loader_path/Frameworks",
				);
				PRODUCT_BUNDLE_IDENTIFIER = com.Academy.AnxietyTests;
				PRODUCT_NAME = "$(TARGET_NAME)";
				SWIFT_VERSION = 4.2;
				TARGETED_DEVICE_FAMILY = "1,2";
				TEST_HOST = "$(BUILT_PRODUCTS_DIR)/Anxiety.app/Anxiety";
			};
			name = Debug;
		};
		E2726C67217A1DE000FC04FF /* Release */ = {
			isa = XCBuildConfiguration;
			buildSettings = {
				ALWAYS_EMBED_SWIFT_STANDARD_LIBRARIES = YES;
				BUNDLE_LOADER = "$(TEST_HOST)";
				CODE_SIGN_STYLE = Automatic;
				DEVELOPMENT_TEAM = SMM55X2K37;
				INFOPLIST_FILE = AnxietyTests/Info.plist;
				LD_RUNPATH_SEARCH_PATHS = (
					"$(inherited)",
					"@executable_path/Frameworks",
					"@loader_path/Frameworks",
				);
				PRODUCT_BUNDLE_IDENTIFIER = com.Academy.AnxietyTests;
				PRODUCT_NAME = "$(TARGET_NAME)";
				SWIFT_VERSION = 4.2;
				TARGETED_DEVICE_FAMILY = "1,2";
				TEST_HOST = "$(BUILT_PRODUCTS_DIR)/Anxiety.app/Anxiety";
			};
			name = Release;
		};
		E2726C69217A1DE000FC04FF /* Debug */ = {
			isa = XCBuildConfiguration;
			buildSettings = {
				ALWAYS_EMBED_SWIFT_STANDARD_LIBRARIES = YES;
				CODE_SIGN_STYLE = Automatic;
				DEVELOPMENT_TEAM = SMM55X2K37;
				INFOPLIST_FILE = AnxietyUITests/Info.plist;
				LD_RUNPATH_SEARCH_PATHS = (
					"$(inherited)",
					"@executable_path/Frameworks",
					"@loader_path/Frameworks",
				);
				PRODUCT_BUNDLE_IDENTIFIER = com.Academy.AnxietyUITests;
				PRODUCT_NAME = "$(TARGET_NAME)";
				SWIFT_VERSION = 4.2;
				TARGETED_DEVICE_FAMILY = "1,2";
				TEST_TARGET_NAME = Anxiety;
			};
			name = Debug;
		};
		E2726C6A217A1DE000FC04FF /* Release */ = {
			isa = XCBuildConfiguration;
			buildSettings = {
				ALWAYS_EMBED_SWIFT_STANDARD_LIBRARIES = YES;
				CODE_SIGN_STYLE = Automatic;
				DEVELOPMENT_TEAM = SMM55X2K37;
				INFOPLIST_FILE = AnxietyUITests/Info.plist;
				LD_RUNPATH_SEARCH_PATHS = (
					"$(inherited)",
					"@executable_path/Frameworks",
					"@loader_path/Frameworks",
				);
				PRODUCT_BUNDLE_IDENTIFIER = com.Academy.AnxietyUITests;
				PRODUCT_NAME = "$(TARGET_NAME)";
				SWIFT_VERSION = 4.2;
				TARGETED_DEVICE_FAMILY = "1,2";
				TEST_TARGET_NAME = Anxiety;
			};
			name = Release;
		};
/* End XCBuildConfiguration section */

/* Begin XCConfigurationList section */
		E2726C35217A1DDE00FC04FF /* Build configuration list for PBXProject "Anxiety" */ = {
			isa = XCConfigurationList;
			buildConfigurations = (
				E2726C60217A1DE000FC04FF /* Debug */,
				E2726C61217A1DE000FC04FF /* Release */,
			);
			defaultConfigurationIsVisible = 0;
			defaultConfigurationName = Release;
		};
		E2726C62217A1DE000FC04FF /* Build configuration list for PBXNativeTarget "Anxiety" */ = {
			isa = XCConfigurationList;
			buildConfigurations = (
				E2726C63217A1DE000FC04FF /* Debug */,
				E2726C64217A1DE000FC04FF /* Release */,
			);
			defaultConfigurationIsVisible = 0;
			defaultConfigurationName = Release;
		};
		E2726C65217A1DE000FC04FF /* Build configuration list for PBXNativeTarget "AnxietyTests" */ = {
			isa = XCConfigurationList;
			buildConfigurations = (
				E2726C66217A1DE000FC04FF /* Debug */,
				E2726C67217A1DE000FC04FF /* Release */,
			);
			defaultConfigurationIsVisible = 0;
			defaultConfigurationName = Release;
		};
		E2726C68217A1DE000FC04FF /* Build configuration list for PBXNativeTarget "AnxietyUITests" */ = {
			isa = XCConfigurationList;
			buildConfigurations = (
				E2726C69217A1DE000FC04FF /* Debug */,
				E2726C6A217A1DE000FC04FF /* Release */,
			);
			defaultConfigurationIsVisible = 0;
			defaultConfigurationName = Release;
		};
/* End XCConfigurationList section */
	};
	rootObject = E2726C32217A1DDE00FC04FF /* Project object */;
}
